{
  "name": "COVID-19",
  "version": "1.0.0",
  "lockfileVersion": 1,
  "requires": true,
  "dependencies": {
    "echarts": {
      "version": "5.0.2",
      "resolved": "https://registry.npmjs.org/echarts/-/echarts-5.0.2.tgz",
      "integrity": "sha512-En0VYpc96nw2/2AZoBWPHsGi471zMublttj50kfFpYAeR4geup0Tj9iVgEXh7QYZFPnRiruDJEjcB5PXZ+BYzQ==",
      "dev": true,
      "requires": {
        "tslib": "2.0.3",
        "zrender": "5.0.4"
      }
    },
    "tslib": {
      "version": "2.0.3",
      "resolved": "https://registry.npmjs.org/tslib/-/tslib-2.0.3.tgz",
      "integrity": "sha512-uZtkfKblCEQtZKBF6EBXVZeQNl82yqtDQdv+eck8u7tdPxjLu2/lp5/uPW+um2tpuxINHWy3GhiccY7QgEaVHQ==",
      "dev": true
    },
    "zrender": {
      "version": "5.0.4",
      "resolved": "https://registry.npmjs.org/zrender/-/zrender-5.0.4.tgz",
      "integrity": "sha512-DJpy0yrHYY5CuH6vhb9IINWbjvBUe/56J8aH86Jb7O8rRPAYZ3M2E469Qf5B3EOIfM3o3aUrO5edRQfLJ+l1Qw==",
      "dev": true,
      "requires": {
        "tslib": "2.0.3"
      }
    }
  }
}
